
Microsoft Visual Studio Solution File, Format Version 12.00
# Visual Studio Version 17
VisualStudioVersion = 17.13.35931.197
MinimumVisualStudioVersion = 10.0.40219.1
Project("{FAE04EC0-301F-11D3-BF4B-00C04F79EFBC}") = "TaskManager", "TaskManager.csproj", "{604FDDA4-EB98-4716-A526-3AB400FD0011}"
EndProject
Global
	GlobalSection(SolutionConfigurationPlatforms) = preSolution
		Debug|Any CPU = Debug|Any CPU
		Release|Any CPU = Release|Any CPU
	EndGlobalSection
	GlobalSection(ProjectConfigurationPlatforms) = postSolution
		{604FDDA4-EB98-4716-A526-3AB400FD0011}.Debug|Any CPU.ActiveCfg = Debug|Any CPU
		{604FDDA4-EB98-4716-A526-3AB400FD0011}.Debug|Any CPU.Build.0 = Debug|Any CPU
		{604FDDA4-EB98-4716-A526-3AB400FD0011}.Release|Any CPU.ActiveCfg = Release|Any CPU
		{604FDDA4-EB98-4716-A526-3AB400FD0011}.Release|Any CPU.Build.0 = Release|Any CPU
	EndGlobalSection
	GlobalSection(SolutionProperties) = preSolution
		HideSolutionNode = FALSE
	EndGlobalSection
	GlobalSection(ExtensibilityGlobals) = postSolution
		SolutionGuid = {DA9E3057-131E-4A4A-9268-AF85F1B7286D}
	EndGlobalSection
EndGlobal
